Microsoft Visual Studio Solution File, Format Version 12.00
# Visual Studio Version 17
VisualStudioVersion = 17.5.2.0
MinimumVisualStudioVersion = 10.0.40219.1
Project("{FAE04EC0-301F-11D3-BF4B-00C04F79EFBC}") = "ApartmanYonetim", "ApartmanYonetim\ApartmanYonetim.csproj", "{DF646E9E-701C-B802-E015-1AA9969900EB}"
EndProject
Global
	GlobalSection(SolutionConfigurationPlatforms) = preSolution
		Debug|Any CPU = Debug|Any CPU
		Release|Any CPU = Release|Any CPU
	EndGlobalSection
	GlobalSection(ProjectConfigurationPlatforms) = postSolution
		{DF646E9E-701C-B802-E015-1AA9969900EB}.Debug|Any CPU.ActiveCfg = Debug|Any CPU
		{DF646E9E-701C-B802-E015-1AA9969900EB}.Debug|Any CPU.Build.0 = Debug|Any CPU
		{DF646E9E-701C-B802-E015-1AA9969900EB}.Release|Any CPU.ActiveCfg = Release|Any CPU
		{DF646E9E-701C-B802-E015-1AA9969900EB}.Release|Any CPU.Build.0 = Release|Any CPU
	EndGlobalSection
	GlobalSection(SolutionProperties) = preSolution
		HideSolutionNode = FALSE
	EndGlobalSection
	GlobalSection(ExtensibilityGlobals) = postSolution
		SolutionGuid = {38398300-7EBE-49D5-9A94-574777358C2D}
	EndGlobalSection
EndGlobal
